
Microsoft Visual Studio Solution File, Format Version 12.00
# Visual Studio Version 17
VisualStudioVersion = 17.3.32901.215
MinimumVisualStudioVersion = 10.0.40219.1
Project("{9A19103F-16F7-4668-BE54-9A1E7A4F7556}") = "UserTaskManagerAPI", "UserTaskManagerAPI.csproj", "{F9565226-62BC-4BB6-AE7F-0960471EEC7C}"
EndProject
Global
	GlobalSection(SolutionConfigurationPlatforms) = preSolution
		Debug|Any CPU = Debug|Any CPU
		Release|Any CPU = Release|Any CPU
	EndGlobalSection
	GlobalSection(ProjectConfigurationPlatforms) = postSolution
		{F9565226-62BC-4BB6-AE7F-0960471EEC7C}.Debug|Any CPU.ActiveCfg = Debug|Any CPU
		{F9565226-62BC-4BB6-AE7F-0960471EEC7C}.Debug|Any CPU.Build.0 = Debug|Any CPU
		{F9565226-62BC-4BB6-AE7F-0960471EEC7C}.Release|Any CPU.ActiveCfg = Release|Any CPU
		{F9565226-62BC-4BB6-AE7F-0960471EEC7C}.Release|Any CPU.Build.0 = Release|Any CPU
	EndGlobalSection
	GlobalSection(SolutionProperties) = preSolution
		HideSolutionNode = FALSE
	EndGlobalSection
	GlobalSection(ExtensibilityGlobals) = postSolution
		SolutionGuid = {70C37F79-D071-4F3B-89C4-EC29B4129F2D}
	EndGlobalSection
EndGlobal
